// !$*UTF8*$!
{
	archiveVersion = 1;
	classes = {
	};
	objectVersion = 48;
	objects = {

/* Begin PBXBuildFile section */
		82103881201EECEF00426F14 /* AppDelegate.m in Sources */ = {isa = PBXBuildFile; fileRef = 82103880201EECEF00426F14 /* AppDelegate.m */; };
		82103884201EECEF00426F14 /* ViewController.m in Sources */ = {isa = PBXBuildFile; fileRef = 82103883201EECEF00426F14 /* ViewController.m */; };
		82103887201EECEF00426F14 /* Main.storyboard in Resources */ = {isa = PBXBuildFile; fileRef = 82103885201EECEF00426F14 /* Main.storyboard */; };
		82103889201EECEF00426F14 /* Assets.xcassets in Resources */ = {isa = PBXBuildFile; fileRef = 82103888201EECEF00426F14 /* Assets.xcassets */; };
		8210388C201EECEF00426F14 /* LaunchScreen.storyboard in Resources */ = {isa = PBXBuildFile; fileRef = 8210388A201EECEF00426F14 /* LaunchScreen.storyboard */; };
		8210388F201EECEF00426F14 /* main.m in Sources */ = {isa = PBXBuildFile; fileRef = 8210388E201EECEF00426F14 /* main.m */; };
		82103898201EEDAB00426F14 /* UITextField+JDLExtension.m in Sources */ = {isa = PBXBuildFile; fileRef = 82103897201EEDAB00426F14 /* UITextField+JDLExtension.m */; };
		8210389C201EEFDC00426F14 /* UIView+JDLExtension.m in Sources */ = {isa = PBXBuildFile; fileRef = 8210389B201EEFDC00426F14 /* UIView+JDLExtension.m */; };
		8210389F201EF43200426F14 /* UITabBarController+JDLExtension.m in Sources */ = {isa = PBXBuildFile; fileRef = 8210389E201EF43200426F14 /* UITabBarController+JDLExtension.m */; };
		821038A2201EF58B00426F14 /* UIImage+JDLExtension.m in Sources */ = {isa = PBXBuildFile; fileRef = 821038A1201EF58B00426F14 /* UIImage+JDLExtension.m */; };
		821038A5201EF5E100426F14 /* UIBarButtonItem+JDLExtension.m in Sources */ = {isa = PBXBuildFile; fileRef = 821038A4201EF5E100426F14 /* UIBarButtonItem+JDLExtension.m */; };
		821038A8201EF63A00426F14 /* UIButton+JDLExtension.m in Sources */ = {isa = PBXBuildFile; fileRef = 821038A7201EF63A00426F14 /* UIButton+JDLExtension.m */; };
/* End PBXBuildFile section */

/* Begin PBXFileReference section */
		8210387C201EECEF00426F14 /* JDLCategory.app */ = {isa = PBXFileReference; explicitFileType = wrapper.application; includeInIndex = 0; path = JDLCategory.app; sourceTree = BUILT_PRODUCTS_DIR; };
		8210387F201EECEF00426F14 /* AppDelegate.h */ = {isa = PBXFileReference; lastKnownFileType = sourcecode.c.h; path = AppDelegate.h; sourceTree = "<group>"; };
		82103880201EECEF00426F14 /* AppDelegate.m */ = {isa = PBXFileReference; lastKnownFileType = sourcecode.c.objc; path = AppDelegate.m; sourceTree = "<group>"; };
		82103882201EECEF00426F14 /* ViewController.h */ = {isa = PBXFileReference; lastKnownFileType = sourcecode.c.h; path = ViewController.h; sourceTree = "<group>"; };
		82103883201EECEF00426F14 /* ViewController.m */ = {isa = PBXFileReference; lastKnownFileType = sourcecode.c.objc; path = ViewController.m; sourceTree = "<group>"; };
		82103886201EECEF00426F14 /* Base */ = {isa = PBXFileReference; lastKnownFileType = file.storyboard; name = Base; path = Base.lproj/Main.storyboard; sourceTree = "<group>"; };
		82103888201EECEF00426F14 /* Assets.xcassets */ = {isa = PBXFileReference; lastKnownFileType = folder.assetcatalog; path = Assets.xcassets; sourceTree = "<group>"; };
		8210388B201EECEF00426F14 /* Base */ = {isa = PBXFileReference; lastKnownFileType = file.storyboard; name = Base; path = Base.lproj/LaunchScreen.storyboard; sourceTree = "<group>"; };
		8210388D201EECEF00426F14 /* Info.plist */ = {isa = PBXFileReference; lastKnownFileType = text.plist.xml; path = Info.plist; sourceTree = "<group>"; };
		8210388E201EECEF00426F14 /* main.m */ = {isa = PBXFileReference; lastKnownFileType = sourcecode.c.objc; path = main.m; sourceTree = "<group>"; };
		82103896201EEDAB00426F14 /* UITextField+JDLExtension.h */ = {isa = PBXFileReference; lastKnownFileType = sourcecode.c.h; path = "UITextField+JDLExtension.h"; sourceTree = "<group>"; };
		82103897201EEDAB00426F14 /* UITextField+JDLExtension.m */ = {isa = PBXFileReference; lastKnownFileType = sourcecode.c.objc; path = "UITextField+JDLExtension.m"; sourceTree = "<group>"; };
		82103899201EEEB600426F14 /* PrefixHeader.pch */ = {isa = PBXFileReference; lastKnownFileType = sourcecode.c.h; path = PrefixHeader.pch; sourceTree = "<group>"; };
		8210389A201EEFDC00426F14 /* UIView+JDLExtension.h */ = {isa = PBXFileReference; lastKnownFileType = sourcecode.c.h; path = "UIView+JDLExtension.h"; sourceTree = "<group>"; };
		8210389B201EEFDC00426F14 /* UIView+JDLExtension.m */ = {isa = PBXFileReference; lastKnownFileType = sourcecode.c.objc; path = "UIView+JDLExtension.m"; sourceTree = "<group>"; };
		8210389D201EF43200426F14 /* UITabBarController+JDLExtension.h */ = {isa = PBXFileReference; lastKnownFileType = sourcecode.c.h; path = "UITabBarController+JDLExtension.h"; sourceTree = "<group>"; };
		8210389E201EF43200426F14 /* UITabBarController+JDLExtension.m */ = {isa = PBXFileReference; lastKnownFileType = sourcecode.c.objc; path = "UITabBarController+JDLExtension.m"; sourceTree = "<group>"; };
		821038A0201EF58B00426F14 /* UIImage+JDLExtension.h */ = {isa = PBXFileReference; lastKnownFileType = sourcecode.c.h; path = "UIImage+JDLExtension.h"; sourceTree = "<group>"; };
		821038A1201EF58B00426F14 /* UIImage+JDLExtension.m */ = {isa = PBXFileReference; lastKnownFileType = sourcecode.c.objc; path = "UIImage+JDLExtension.m"; sourceTree = "<group>"; };
		821038A3201EF5E100426F14 /* UIBarButtonItem+JDLExtension.h */ = {isa = PBXFileReference; lastKnownFileType = sourcecode.c.h; path = "UIBarButtonItem+JDLExtension.h"; sourceTree = "<group>"; };
		821038A4201EF5E100426F14 /* UIBarButtonItem+JDLExtension.m */ = {isa = PBXFileReference; lastKnownFileType = sourcecode.c.objc; path = "UIBarButtonItem+JDLExtension.m"; sourceTree = "<group>"; };
		821038A6201EF63A00426F14 /* UIButton+JDLExtension.h */ = {isa = PBXFileReference; lastKnownFileType = sourcecode.c.h; path = "UIButton+JDLExtension.h"; sourceTree = "<group>"; };
		821038A7201EF63A00426F14 /* UIButton+JDLExtension.m */ = {isa = PBXFileReference; lastKnownFileType = sourcecode.c.objc; path = "UIButton+JDLExtension.m"; sourceTree = "<group>"; };
/* End PBXFileReference section */

/* Begin PBXFrameworksBuildPhase section */
		82103879201EECEF00426F14 /* Frameworks */ = {
			isa = PBXFrameworksBuildPhase;
			buildActionMask = 2147483647;
			files = (
			);
			runOnlyForDeploymentPostprocessing = 0;
		};
/* End PBXFrameworksBuildPhase section */

/* Begin PBXGroup section */
		82103873201EECEF00426F14 = {
			isa = PBXGroup;
			children = (
				82103895201EED4B00426F14 /* Category */,
				8210387E201EECEF00426F14 /* JDLCategory */,
				8210387D201EECEF00426F14 /* Products */,
			);
			sourceTree = "<group>";
		};
		8210387D201EECEF00426F14 /* Products */ = {
			isa = PBXGroup;
			children = (
				8210387C201EECEF00426F14 /* JDLCategory.app */,
			);
			name = Products;
			sourceTree = "<group>";
		};
		8210387E201EECEF00426F14 /* JDLCategory */ = {
			isa = PBXGroup;
			children = (
				8210387F201EECEF00426F14 /* AppDelegate.h */,
				82103880201EECEF00426F14 /* AppDelegate.m */,
				82103882201EECEF00426F14 /* ViewController.h */,
				82103883201EECEF00426F14 /* ViewController.m */,
				82103885201EECEF00426F14 /* Main.storyboard */,
				82103888201EECEF00426F14 /* Assets.xcassets */,
				8210388A201EECEF00426F14 /* LaunchScreen.storyboard */,
				8210388D201EECEF00426F14 /* Info.plist */,
				8210388E201EECEF00426F14 /* main.m */,
				82103899201EEEB600426F14 /* PrefixHeader.pch */,
			);
			path = JDLCategory;
			sourceTree = "<group>";
		};
		82103895201EED4B00426F14 /* Category */ = {
			isa = PBXGroup;
			children = (
				82103896201EEDAB00426F14 /* UITextField+JDLExtension.h */,
				82103897201EEDAB00426F14 /* UITextField+JDLExtension.m */,
				8210389A201EEFDC00426F14 /* UIView+JDLExtension.h */,
				8210389B201EEFDC00426F14 /* UIView+JDLExtension.m */,
				8210389D201EF43200426F14 /* UITabBarController+JDLExtension.h */,
				8210389E201EF43200426F14 /* UITabBarController+JDLExtension.m */,
				821038A0201EF58B00426F14 /* UIImage+JDLExtension.h */,
				821038A1201EF58B00426F14 /* UIImage+JDLExtension.m */,
				821038A3201EF5E100426F14 /* UIBarButtonItem+JDLExtension.h */,
				821038A4201EF5E100426F14 /* UIBarButtonItem+JDLExtension.m */,
				821038A6201EF63A00426F14 /* UIButton+JDLExtension.h */,
				821038A7201EF63A00426F14 /* UIButton+JDLExtension.m */,
			);
			path = Category;
			sourceTree = "<group>";
		};
/* End PBXGroup section */

/* Begin PBXNativeTarget section */
		8210387B201EECEF00426F14 /* JDLCategory */ = {
			isa = PBXNativeTarget;
			buildConfigurationList = 82103892201EECEF00426F14 /* Build configuration list for PBXNativeTarget "JDLCategory" */;
			buildPhases = (
				82103878201EECEF00426F14 /* Sources */,
				82103879201EECEF00426F14 /* Frameworks */,
				8210387A201EECEF00426F14 /* Resources */,
			);
			buildRules = (
			);
			dependencies = (
			);
			name = JDLCategory;
			productName = JDLCategory;
			productReference = 8210387C201EECEF00426F14 /* JDLCategory.app */;
			productType = "com.apple.product-type.application";
		};
/* End PBXNativeTarget section */

/* Begin PBXProject section */
		82103874201EECEF00426F14 /* Project object */ = {
			isa = PBXProject;
			attributes = {
				LastUpgradeCheck = 0920;
				ORGANIZATIONNAME = "BlueSkyer-25";
				TargetAttributes = {
					8210387B201EECEF00426F14 = {
						CreatedOnToolsVersion = 9.2;
						ProvisioningStyle = Automatic;
					};
				};
			};
			buildConfigurationList = 82103877201EECEF00426F14 /* Build configuration list for PBXProject "JDLCategory" */;
			compatibilityVersion = "Xcode 8.0";
			developmentRegion = en;
			hasScannedForEncodings = 0;
			knownRegions = (
				en,
				Base,
			);
			mainGroup = 82103873201EECEF00426F14;
			productRefGroup = 8210387D201EECEF00426F14 /* Products */;
			projectDirPath = "";
			projectRoot = "";
			targets = (
				8210387B201EECEF00426F14 /* JDLCategory */,
			);
		};
/* End PBXProject section */

/* Begin PBXResourcesBuildPhase section */
		8210387A201EECEF00426F14 /* Resources */ = {
			isa = PBXResourcesBuildPhase;
			buildActionMask = 2147483647;
			files = (
				8210388C201EECEF00426F14 /* LaunchScreen.storyboard in Resources */,
				82103889201EECEF00426F14 /* Assets.xcassets in Resources */,
				82103887201EECEF00426F14 /* Main.storyboard in Resources */,
			);
			runOnlyForDeploymentPostprocessing = 0;
		};
/* End PBXResourcesBuildPhase section */

/* Begin PBXSourcesBuildPhase section */
		82103878201EECEF00426F14 /* Sources */ = {
			isa = PBXSourcesBuildPhase;
			buildActionMask = 2147483647;
			files = (
				821038A2201EF58B00426F14 /* UIImage+JDLExtension.m in Sources */,
				821038A5201EF5E100426F14 /* UIBarButtonItem+JDLExtension.m in Sources */,
				82103884201EECEF00426F14 /* ViewController.m in Sources */,
				8210388F201EECEF00426F14 /* main.m in Sources */,
				821038A8201EF63A00426F14 /* UIButton+JDLExtension.m in Sources */,
				8210389F201EF43200426F14 /* UITabBarController+JDLExtension.m in Sources */,
				82103898201EEDAB00426F14 /* UITextField+JDLExtension.m in Sources */,
				82103881201EECEF00426F14 /* AppDelegate.m in Sources */,
				8210389C201EEFDC00426F14 /* UIView+JDLExtension.m in Sources */,
			);
			runOnlyForDeploymentPostprocessing = 0;
		};
/* End PBXSourcesBuildPhase section */

/* Begin PBXVariantGroup section */
		82103885201EECEF00426F14 /* Main.storyboard */ = {
			isa = PBXVariantGroup;
			children = (
				82103886201EECEF00426F14 /* Base */,
			);
			name = Main.storyboard;
			sourceTree = "<group>";
		};
		8210388A201EECEF00426F14 /* LaunchScreen.storyboard */ = {
			isa = PBXVariantGroup;
			children = (
				8210388B201EECEF00426F14 /* Base */,
			);
			name = LaunchScreen.storyboard;
			sourceTree = "<group>";
		};
/* End PBXVariantGroup section */

/* Begin XCBuildConfiguration section */
		82103890201EECEF00426F14 /* Debug */ = {
			isa = XCBuildConfiguration;
			buildSettings = {
				ALWAYS_SEARCH_USER_PATHS = NO;
				CLANG_ANALYZER_NONNULL = YES;
				CLANG_ANALYZER_NUMBER_OBJECT_CONVERSION = YES_AGGRESSIVE;
				CLANG_CXX_LANGUAGE_STANDARD = "gnu++14";
				CLANG_CXX_LIBRARY = "libc++";
				CLANG_ENABLE_MODULES = YES;
				CLANG_ENABLE_OBJC_ARC = YES;
				CLANG_WARN_BLOCK_CAPTURE_AUTORELEASING = YES;
				CLANG_WARN_BOOL_CONVERSION = YES;
				CLANG_WARN_COMMA = YES;
				CLANG_WARN_CONSTANT_CONVERSION = YES;
				CLANG_WARN_DIRECT_OBJC_ISA_USAGE = YES_ERROR;
				CLANG_WARN_DOCUMENTATION_COMMENTS = YES;
				CLANG_WARN_EMPTY_BODY = YES;
				CLANG_WARN_ENUM_CONVERSION = YES;
				CLANG_WARN_INFINITE_RECURSION = YES;
				CLANG_WARN_INT_CONVERSION = YES;
				CLANG_WARN_NON_LITERAL_NULL_CONVERSION = YES;
				CLANG_WARN_OBJC_LITERAL_CONVERSION = YES;
				CLANG_WARN_OBJC_ROOT_CLASS = YES_ERROR;
				CLANG_WARN_RANGE_LOOP_ANALYSIS = YES;
				CLANG_WARN_STRICT_PROTOTYPES = YES;
				CLANG_WARN_SUSPICIOUS_MOVE = YES;
				CLANG_WARN_UNGUARDED_AVAILABILITY = YES_AGGRESSIVE;
				CLANG_WARN_UNREACHABLE_CODE = YES;
				CLANG_WARN__DUPLICATE_METHOD_MATCH = YES;
				CODE_SIGN_IDENTITY = "iPhone Developer";
				COPY_PHASE_STRIP = NO;
				DEBUG_INFORMATION_FORMAT = dwarf;
				ENABLE_STRICT_OBJC_MSGSEND = YES;
				ENABLE_TESTABILITY = YES;
				GCC_C_LANGUAGE_STANDARD = gnu11;
				GCC_DYNAMIC_NO_PIC = NO;
				GCC_NO_COMMON_BLOCKS = YES;
				GCC_OPTIMIZATION_LEVEL = 0;
				GCC_PREPROCESSOR_DEFINITIONS = (
					"DEBUG=1",
					"$(inherited)",
				);
				GCC_WARN_64_TO_32_BIT_CONVERSION = YES;
				GCC_WARN_ABOUT_RETURN_TYPE = YES_ERROR;
				GCC_WARN_UNDECLARED_SELECTOR = YES;
				GCC_WARN_UNINITIALIZED_AUTOS = YES_AGGRESSIVE;
				GCC_WARN_UNUSED_FUNCTION = YES;
				GCC_WARN_UNUSED_VARIABLE = YES;
				IPHONEOS_DEPLOYMENT_TARGET = 11.2;
				MTL_ENABLE_DEBUG_INFO = YES;
				ONLY_ACTIVE_ARCH = YES;
				SDKROOT = iphoneos;
			};
			name = Debug;
		};
		82103891201EECEF00426F14 /* Release */ = {
			isa = XCBuildConfiguration;
			buildSettings = {
				ALWAYS_SEARCH_USER_PATHS = NO;
				CLANG_ANALYZER_NONNULL = YES;
				CLANG_ANALYZER_NUMBER_OBJECT_CONVERSION = YES_AGGRESSIVE;
				CLANG_CXX_LANGUAGE_STANDARD = "gnu++14";
				CLANG_CXX_LIBRARY = "libc++";
				CLANG_ENABLE_MODULES = YES;
				CLANG_ENABLE_OBJC_ARC = YES;
				CLANG_WARN_BLOCK_CAPTURE_AUTORELEASING = YES;
				CLANG_WARN_BOOL_CONVERSION = YES;
				CLANG_WARN_COMMA = YES;
				CLANG_WARN_CONSTANT_CONVERSION = YES;
				CLANG_WARN_DIRECT_OBJC_ISA_USAGE = YES_ERROR;
				CLANG_WARN_DOCUMENTATION_COMMENTS = YES;
				CLANG_WARN_EMPTY_BODY = YES;
				CLANG_WARN_ENUM_CONVERSION = YES;
				CLANG_WARN_INFINITE_RECURSION = YES;
				CLANG_WARN_INT_CONVERSION = YES;
				CLANG_WARN_NON_LITERAL_NULL_CONVERSION = YES;
				CLANG_WARN_OBJC_LITERAL_CONVERSION = YES;
				CLANG_WARN_OBJC_ROOT_CLASS = YES_ERROR;
				CLANG_WARN_RANGE_LOOP_ANALYSIS = YES;
				CLANG_WARN_STRICT_PROTOTYPES = YES;
				CLANG_WARN_SUSPICIOUS_MOVE = YES;
				CLANG_WARN_UNGUARDED_AVAILABILITY = YES_AGGRESSIVE;
				CLANG_WARN_UNREACHABLE_CODE = YES;
				CLANG_WARN__DUPLICATE_METHOD_MATCH = YES;
				CODE_SIGN_IDENTITY = "iPhone Developer";
				COPY_PHASE_STRIP = NO;
				DEBUG_INFORMATION_FORMAT = "dwarf-with-dsym";
				ENABLE_NS_ASSERTIONS = NO;
				ENABLE_STRICT_OBJC_MSGSEND = YES;
				GCC_C_LANGUAGE_STANDARD = gnu11;
				GCC_NO_COMMON_BLOCKS = YES;
				GCC_WARN_64_TO_32_BIT_CONVERSION = YES;
				GCC_WARN_ABOUT_RETURN_TYPE = YES_ERROR;
				GCC_WARN_UNDECLARED_SELECTOR = YES;
				GCC_WARN_UNINITIALIZED_AUTOS = YES_AGGRESSIVE;
				GCC_WARN_UNUSED_FUNCTION = YES;
				GCC_WARN_UNUSED_VARIABLE = YES;
				IPHONEOS_DEPLOYMENT_TARGET = 11.2;
				MTL_ENABLE_DEBUG_INFO = NO;
				SDKROOT = iphoneos;
				VALIDATE_PRODUCT = YES;
			};
			name = Release;
		};
		82103893201EECEF00426F14 /* Debug */ = {
			isa = XCBuildConfiguration;
			buildSettings = {
				ASSETCATALOG_COMPILER_APPICON_NAME = AppIcon;
				CODE_SIGN_STYLE = Automatic;
				DEVELOPMENT_TEAM = EVKP6X2HVB;
				GCC_PRECOMPILE_PREFIX_HEADER = YES;
				GCC_PREFIX_HEADER = JDLCategory/PrefixHeader.pch;
				INFOPLIST_FILE = JDLCategory/Info.plist;
				LD_RUNPATH_SEARCH_PATHS = "$(inherited) @executable_path/Frameworks";
				PRODUCT_BUNDLE_IDENTIFIER = leguan.JDLCategory;
				PRODUCT_NAME = "$(TARGET_NAME)";
				TARGETED_DEVICE_FAMILY = "1,2";
			};
			name = Debug;
		};
		82103894201EECEF00426F14 /* Release */ = {
			isa = XCBuildConfiguration;
			buildSettings = {
				ASSETCATALOG_COMPILER_APPICON_NAME = AppIcon;
				CODE_SIGN_STYLE = Automatic;
				DEVELOPMENT_TEAM = EVKP6X2HVB;
				GCC_PRECOMPILE_PREFIX_HEADER = YES;
				GCC_PREFIX_HEADER = JDLCategory/PrefixHeader.pch;
				INFOPLIST_FILE = JDLCategory/Info.plist;
				LD_RUNPATH_SEARCH_PATHS = "$(inherited) @executable_path/Frameworks";
				PRODUCT_BUNDLE_IDENTIFIER = leguan.JDLCategory;
				PRODUCT_NAME = "$(TARGET_NAME)";
				TARGETED_DEVICE_FAMILY = "1,2";
			};
			name = Release;
		};
/* End XCBuildConfiguration section */

/* Begin XCConfigurationList section */
		82103877201EECEF00426F14 /* Build configuration list for PBXProject "JDLCategory" */ = {
			isa = XCConfigurationList;
			buildConfigurations = (
				82103890201EECEF00426F14 /* Debug */,
				82103891201EECEF00426F14 /* Release */,
			);
			defaultConfigurationIsVisible = 0;
			defaultConfigurationName = Release;
		};
		82103892201EECEF00426F14 /* Build configuration list for PBXNativeTarget "JDLCategory" */ = {
			isa = XCConfigurationList;
			buildConfigurations = (
				82103893201EECEF00426F14 /* Debug */,
				82103894201EECEF00426F14 /* Release */,
			);
			defaultConfigurationIsVisible = 0;
			defaultConfigurationName = Release;
		};
/* End XCConfigurationList section */
	};
	rootObject = 82103874201EECEF00426F14 /* Project object */;
}
